// !$*UTF8*$!
{
	archiveVersion = 1;
	classes = {
	};
	objectVersion = 46;
	objects = {

/* Begin PBXBuildFile section */
		A3077BD21DD759EA0094284E /* antColony.cpp in Sources */ = {isa = PBXBuildFile; fileRef = A3077BBC1DD759EA0094284E /* antColony.cpp */; };
		A3077BD31DD759EA0094284E /* io.cpp in Sources */ = {isa = PBXBuildFile; fileRef = A3077BBE1DD759EA0094284E /* io.cpp */; };
		A3077BD41DD759EA0094284E /* localSearch.cpp in Sources */ = {isa = PBXBuildFile; fileRef = A3077BC01DD759EA0094284E /* localSearch.cpp */; };
		A3077BD51DD759EA0094284E /* main.cpp in Sources */ = {isa = PBXBuildFile; fileRef = A3077BC21DD759EA0094284E /* main.cpp */; };
		A3077BD61DD759EA0094284E /* Makefile in Sources */ = {isa = PBXBuildFile; fileRef = A3077BC31DD759EA0094284E /* Makefile */; };
		A3077BD71DD759EA0094284E /* move.cpp in Sources */ = {isa = PBXBuildFile; fileRef = A3077BC41DD759EA0094284E /* move.cpp */; };
		A3077BD81DD759EA0094284E /* neighbourSearch.cpp in Sources */ = {isa = PBXBuildFile; fileRef = A3077BC61DD759EA0094284E /* neighbourSearch.cpp */; };
		A3077BD91DD759EA0094284E /* parallelAco.cpp in Sources */ = {isa = PBXBuildFile; fileRef = A3077BC81DD759EA0094284E /* parallelAco.cpp */; };
		A3077BDA1DD759EA0094284E /* problem.cpp in Sources */ = {isa = PBXBuildFile; fileRef = A3077BCA1DD759EA0094284E /* problem.cpp */; };
		A3077BDB1DD759EA0094284E /* unix_timer.cpp in Sources */ = {isa = PBXBuildFile; fileRef = A3077BCD1DD759EA0094284E /* unix_timer.cpp */; };
		A3077BDC1DD759EA0094284E /* utilities.cpp in Sources */ = {isa = PBXBuildFile; fileRef = A3077BCE1DD759EA0094284E /* utilities.cpp */; };
		A3077BDD1DD759EA0094284E /* vrpHelper.cpp in Sources */ = {isa = PBXBuildFile; fileRef = A3077BD01DD759EA0094284E /* vrpHelper.cpp */; };
		A3077BE51DD759FA0094284E /* g_aco.cpp in Sources */ = {isa = PBXBuildFile; fileRef = A3077BDE1DD759FA0094284E /* g_aco.cpp */; };
		A3077BE61DD759FA0094284E /* g_sa.cpp in Sources */ = {isa = PBXBuildFile; fileRef = A3077BE01DD759FA0094284E /* g_sa.cpp */; };
		A3077BE71DD759FA0094284E /* g_type.cpp in Sources */ = {isa = PBXBuildFile; fileRef = A3077BE21DD759FA0094284E /* g_type.cpp */; };
		A3077BE81DD759FA0094284E /* kernel.cl in Sources */ = {isa = PBXBuildFile; fileRef = A3077BE41DD759FA0094284E /* kernel.cl */; };
		A37DAC9F1DB51EBC0009F63A /* OpenCL.framework in Frameworks */ = {isa = PBXBuildFile; fileRef = A37DAC9E1DB51EBC0009F63A /* OpenCL.framework */; };
		A3AD5B951DDAEF0200928BD7 /* OpenCLInfo.cpp in Sources */ = {isa = PBXBuildFile; fileRef = A3AD5B941DDAEF0200928BD7 /* OpenCLInfo.cpp */; };
/* End PBXBuildFile section */

/* Begin PBXCopyFilesBuildPhase section */
		A37DAC821DB501B10009F63A /* CopyFiles */ = {
			isa = PBXCopyFilesBuildPhase;
			buildActionMask = 2147483647;
			dstPath = /usr/share/man/man1/;
			dstSubfolderSpec = 0;
			files = (
			);
			runOnlyForDeploymentPostprocessing = 1;
		};
/* End PBXCopyFilesBuildPhase section */

/* Begin PBXFileReference section */
		A3077BBC1DD759EA0094284E /* antColony.cpp */ = {isa = PBXFileReference; fileEncoding = 4; lastKnownFileType = sourcecode.cpp.cpp; path = antColony.cpp; sourceTree = "<group>"; };
		A3077BBD1DD759EA0094284E /* antColony.h */ = {isa = PBXFileReference; fileEncoding = 4; lastKnownFileType = sourcecode.c.h; path = antColony.h; sourceTree = "<group>"; };
		A3077BBE1DD759EA0094284E /* io.cpp */ = {isa = PBXFileReference; fileEncoding = 4; lastKnownFileType = sourcecode.cpp.cpp; path = io.cpp; sourceTree = "<group>"; };
		A3077BBF1DD759EA0094284E /* io.h */ = {isa = PBXFileReference; fileEncoding = 4; lastKnownFileType = sourcecode.c.h; path = io.h; sourceTree = "<group>"; };
		A3077BC01DD759EA0094284E /* localSearch.cpp */ = {isa = PBXFileReference; fileEncoding = 4; lastKnownFileType = sourcecode.cpp.cpp; path = localSearch.cpp; sourceTree = "<group>"; };
		A3077BC11DD759EA0094284E /* localSearch.h */ = {isa = PBXFileReference; fileEncoding = 4; lastKnownFileType = sourcecode.c.h; path = localSearch.h; sourceTree = "<group>"; };
		A3077BC21DD759EA0094284E /* main.cpp */ = {isa = PBXFileReference; fileEncoding = 4; lastKnownFileType = sourcecode.cpp.cpp; path = main.cpp; sourceTree = "<group>"; };
		A3077BC31DD759EA0094284E /* Makefile */ = {isa = PBXFileReference; fileEncoding = 4; lastKnownFileType = sourcecode.make; path = Makefile; sourceTree = "<group>"; };
		A3077BC41DD759EA0094284E /* move.cpp */ = {isa = PBXFileReference; fileEncoding = 4; lastKnownFileType = sourcecode.cpp.cpp; path = move.cpp; sourceTree = "<group>"; };
		A3077BC51DD759EA0094284E /* move.h */ = {isa = PBXFileReference; fileEncoding = 4; lastKnownFileType = sourcecode.c.h; path = move.h; sourceTree = "<group>"; };
		A3077BC61DD759EA0094284E /* neighbourSearch.cpp */ = {isa = PBXFileReference; fileEncoding = 4; lastKnownFileType = sourcecode.cpp.cpp; path = neighbourSearch.cpp; sourceTree = "<group>"; };
		A3077BC71DD759EA0094284E /* neighbourSearch.h */ = {isa = PBXFileReference; fileEncoding = 4; lastKnownFileType = sourcecode.c.h; path = neighbourSearch.h; sourceTree = "<group>"; };
		A3077BC81DD759EA0094284E /* parallelAco.cpp */ = {isa = PBXFileReference; fileEncoding = 4; lastKnownFileType = sourcecode.cpp.cpp; path = parallelAco.cpp; sourceTree = "<group>"; };
		A3077BC91DD759EA0094284E /* parallelAco.h */ = {isa = PBXFileReference; fileEncoding = 4; lastKnownFileType = sourcecode.c.h; path = parallelAco.h; sourceTree = "<group>"; };
		A3077BCA1DD759EA0094284E /* problem.cpp */ = {isa = PBXFileReference; fileEncoding = 4; lastKnownFileType = sourcecode.cpp.cpp; path = problem.cpp; sourceTree = "<group>"; };
		A3077BCB1DD759EA0094284E /* problem.h */ = {isa = PBXFileReference; fileEncoding = 4; lastKnownFileType = sourcecode.c.h; path = problem.h; sourceTree = "<group>"; };
		A3077BCC1DD759EA0094284E /* timer.h */ = {isa = PBXFileReference; fileEncoding = 4; lastKnownFileType = sourcecode.c.h; path = timer.h; sourceTree = "<group>"; };
		A3077BCD1DD759EA0094284E /* unix_timer.cpp */ = {isa = PBXFileReference; fileEncoding = 4; lastKnownFileType = sourcecode.cpp.cpp; path = unix_timer.cpp; sourceTree = "<group>"; };
		A3077BCE1DD759EA0094284E /* utilities.cpp */ = {isa = PBXFileReference; fileEncoding = 4; lastKnownFileType = sourcecode.cpp.cpp; path = utilities.cpp; sourceTree = "<group>"; };
		A3077BCF1DD759EA0094284E /* utilities.h */ = {isa = PBXFileReference; fileEncoding = 4; lastKnownFileType = sourcecode.c.h; path = utilities.h; sourceTree = "<group>"; };
		A3077BD01DD759EA0094284E /* vrpHelper.cpp */ = {isa = PBXFileReference; fileEncoding = 4; lastKnownFileType = sourcecode.cpp.cpp; path = vrpHelper.cpp; sourceTree = "<group>"; };
		A3077BD11DD759EA0094284E /* vrpHelper.h */ = {isa = PBXFileReference; fileEncoding = 4; lastKnownFileType = sourcecode.c.h; path = vrpHelper.h; sourceTree = "<group>"; };
		A3077BDE1DD759FA0094284E /* g_aco.cpp */ = {isa = PBXFileReference; fileEncoding = 4; lastKnownFileType = sourcecode.cpp.cpp; name = g_aco.cpp; path = gpu/g_aco.cpp; sourceTree = "<group>"; };
		A3077BDF1DD759FA0094284E /* g_aco.h */ = {isa = PBXFileReference; fileEncoding = 4; lastKnownFileType = sourcecode.c.h; name = g_aco.h; path = gpu/g_aco.h; sourceTree = "<group>"; };
		A3077BE01DD759FA0094284E /* g_sa.cpp */ = {isa = PBXFileReference; fileEncoding = 4; lastKnownFileType = sourcecode.cpp.cpp; name = g_sa.cpp; path = gpu/g_sa.cpp; sourceTree = "<group>"; };
		A3077BE11DD759FA0094284E /* g_sa.h */ = {isa = PBXFileReference; fileEncoding = 4; lastKnownFileType = sourcecode.c.h; name = g_sa.h; path = gpu/g_sa.h; sourceTree = "<group>"; };
		A3077BE21DD759FA0094284E /* g_type.cpp */ = {isa = PBXFileReference; fileEncoding = 4; lastKnownFileType = sourcecode.cpp.cpp; name = g_type.cpp; path = gpu/g_type.cpp; sourceTree = "<group>"; };
		A3077BE31DD759FA0094284E /* g_type.h */ = {isa = PBXFileReference; fileEncoding = 4; lastKnownFileType = sourcecode.c.h; name = g_type.h; path = gpu/g_type.h; sourceTree = "<group>"; };
		A3077BE41DD759FA0094284E /* kernel.cl */ = {isa = PBXFileReference; fileEncoding = 4; lastKnownFileType = sourcecode.opencl; name = kernel.cl; path = gpu/kernel.cl; sourceTree = "<group>"; };
		A37DAC841DB501B10009F63A /* cvrp_ocl */ = {isa = PBXFileReference; explicitFileType = "compiled.mach-o.executable"; includeInIndex = 0; path = cvrp_ocl; sourceTree = BUILT_PRODUCTS_DIR; };
		A37DAC9E1DB51EBC0009F63A /* OpenCL.framework */ = {isa = PBXFileReference; lastKnownFileType = wrapper.framework; name = OpenCL.framework; path = System/Library/Frameworks/OpenCL.framework; sourceTree = SDKROOT; };
		A3AD5B941DDAEF0200928BD7 /* OpenCLInfo.cpp */ = {isa = PBXFileReference; fileEncoding = 4; lastKnownFileType = sourcecode.cpp.cpp; name = OpenCLInfo.cpp; path = gpu/OpenCLInfo.cpp; sourceTree = "<group>"; };
		A3AD5B961DDAEFFC00928BD7 /* OpenCLInfo.h */ = {isa = PBXFileReference; lastKnownFileType = sourcecode.c.h; name = OpenCLInfo.h; path = gpu/OpenCLInfo.h; sourceTree = "<group>"; };
/* End PBXFileReference section */

/* Begin PBXFrameworksBuildPhase section */
		A37DAC811DB501B10009F63A /* Frameworks */ = {
			isa = PBXFrameworksBuildPhase;
			buildActionMask = 2147483647;
			files = (
				A37DAC9F1DB51EBC0009F63A /* OpenCL.framework in Frameworks */,
			);
			runOnlyForDeploymentPostprocessing = 0;
		};
/* End PBXFrameworksBuildPhase section */

/* Begin PBXGroup section */
		A3077BBB1DD759D30094284E /* gpu */ = {
			isa = PBXGroup;
			children = (
				A3AD5B971DDAF09700928BD7 /* lib */,
				A3077BE41DD759FA0094284E /* kernel.cl */,
				A3077BDE1DD759FA0094284E /* g_aco.cpp */,
				A3077BDF1DD759FA0094284E /* g_aco.h */,
				A3077BE01DD759FA0094284E /* g_sa.cpp */,
				A3077BE11DD759FA0094284E /* g_sa.h */,
				A3077BE21DD759FA0094284E /* g_type.cpp */,
				A3077BE31DD759FA0094284E /* g_type.h */,
			);
			name = gpu;
			sourceTree = "<group>";
		};
		A37DAC7B1DB501B10009F63A = {
			isa = PBXGroup;
			children = (
				A37DAC9E1DB51EBC0009F63A /* OpenCL.framework */,
				A37DAC861DB501B10009F63A /* cvrp_ocl */,
				A37DAC851DB501B10009F63A /* Products */,
			);
			sourceTree = "<group>";
		};
		A37DAC851DB501B10009F63A /* Products */ = {
			isa = PBXGroup;
			children = (
				A37DAC841DB501B10009F63A /* cvrp_ocl */,
			);
			name = Products;
			sourceTree = "<group>";
		};
		A37DAC861DB501B10009F63A /* cvrp_ocl */ = {
			isa = PBXGroup;
			children = (
				A3077BBC1DD759EA0094284E /* antColony.cpp */,
				A3077BBD1DD759EA0094284E /* antColony.h */,
				A3077BBE1DD759EA0094284E /* io.cpp */,
				A3077BBF1DD759EA0094284E /* io.h */,
				A3077BC01DD759EA0094284E /* localSearch.cpp */,
				A3077BC11DD759EA0094284E /* localSearch.h */,
				A3077BC21DD759EA0094284E /* main.cpp */,
				A3077BC31DD759EA0094284E /* Makefile */,
				A3077BC41DD759EA0094284E /* move.cpp */,
				A3077BC51DD759EA0094284E /* move.h */,
				A3077BC61DD759EA0094284E /* neighbourSearch.cpp */,
				A3077BC71DD759EA0094284E /* neighbourSearch.h */,
				A3077BC81DD759EA0094284E /* parallelAco.cpp */,
				A3077BC91DD759EA0094284E /* parallelAco.h */,
				A3077BCA1DD759EA0094284E /* problem.cpp */,
				A3077BCB1DD759EA0094284E /* problem.h */,
				A3077BCC1DD759EA0094284E /* timer.h */,
				A3077BCD1DD759EA0094284E /* unix_timer.cpp */,
				A3077BCE1DD759EA0094284E /* utilities.cpp */,
				A3077BCF1DD759EA0094284E /* utilities.h */,
				A3077BD01DD759EA0094284E /* vrpHelper.cpp */,
				A3077BD11DD759EA0094284E /* vrpHelper.h */,
				A3077BBB1DD759D30094284E /* gpu */,
			);
			path = cvrp_ocl;
			sourceTree = "<group>";
		};
		A3AD5B971DDAF09700928BD7 /* lib */ = {
			isa = PBXGroup;
			children = (
				A3AD5B941DDAEF0200928BD7 /* OpenCLInfo.cpp */,
				A3AD5B961DDAEFFC00928BD7 /* OpenCLInfo.h */,
			);
			name = lib;
			sourceTree = "<group>";
		};
/* End PBXGroup section */

/* Begin PBXNativeTarget section */
		A37DAC831DB501B10009F63A /* cvrp_ocl */ = {
			isa = PBXNativeTarget;
			buildConfigurationList = A37DAC8B1DB501B10009F63A /* Build configuration list for PBXNativeTarget "cvrp_ocl" */;
			buildPhases = (
				A37DAC801DB501B10009F63A /* Sources */,
				A37DAC811DB501B10009F63A /* Frameworks */,
				A37DAC821DB501B10009F63A /* CopyFiles */,
			);
			buildRules = (
			);
			dependencies = (
			);
			name = cvrp_ocl;
			productName = cvrp_ocl;
			productReference = A37DAC841DB501B10009F63A /* cvrp_ocl */;
			productType = "com.apple.product-type.tool";
		};
/* End PBXNativeTarget section */

/* Begin PBXProject section */
		A37DAC7C1DB501B10009F63A /* Project object */ = {
			isa = PBXProject;
			attributes = {
				LastUpgradeCheck = 0730;
				ORGANIZATIONNAME = xiaoqi.sxq;
				TargetAttributes = {
					A37DAC831DB501B10009F63A = {
						CreatedOnToolsVersion = 7.3;
					};
				};
			};
			buildConfigurationList = A37DAC7F1DB501B10009F63A /* Build configuration list for PBXProject "cvrp_ocl" */;
			compatibilityVersion = "Xcode 3.2";
			developmentRegion = English;
			hasScannedForEncodings = 0;
			knownRegions = (
				en,
			);
			mainGroup = A37DAC7B1DB501B10009F63A;
			productRefGroup = A37DAC851DB501B10009F63A /* Products */;
			projectDirPath = "";
			projectRoot = "";
			targets = (
				A37DAC831DB501B10009F63A /* cvrp_ocl */,
			);
		};
/* End PBXProject section */

/* Begin PBXSourcesBuildPhase section */
		A37DAC801DB501B10009F63A /* Sources */ = {
			isa = PBXSourcesBuildPhase;
			buildActionMask = 2147483647;
			files = (
				A3077BE71DD759FA0094284E /* g_type.cpp in Sources */,
				A3077BD91DD759EA0094284E /* parallelAco.cpp in Sources */,
				A3AD5B951DDAEF0200928BD7 /* OpenCLInfo.cpp in Sources */,
				A3077BD61DD759EA0094284E /* Makefile in Sources */,
				A3077BE51DD759FA0094284E /* g_aco.cpp in Sources */,
				A3077BDA1DD759EA0094284E /* problem.cpp in Sources */,
				A3077BD81DD759EA0094284E /* neighbourSearch.cpp in Sources */,
				A3077BD21DD759EA0094284E /* antColony.cpp in Sources */,
				A3077BE81DD759FA0094284E /* kernel.cl in Sources */,
				A3077BD71DD759EA0094284E /* move.cpp in Sources */,
				A3077BD31DD759EA0094284E /* io.cpp in Sources */,
				A3077BD51DD759EA0094284E /* main.cpp in Sources */,
				A3077BD41DD759EA0094284E /* localSearch.cpp in Sources */,
				A3077BDC1DD759EA0094284E /* utilities.cpp in Sources */,
				A3077BE61DD759FA0094284E /* g_sa.cpp in Sources */,
				A3077BDD1DD759EA0094284E /* vrpHelper.cpp in Sources */,
				A3077BDB1DD759EA0094284E /* unix_timer.cpp in Sources */,
			);
			runOnlyForDeploymentPostprocessing = 0;
		};
/* End PBXSourcesBuildPhase section */

/* Begin XCBuildConfiguration section */
		A37DAC891DB501B10009F63A /* Debug */ = {
			isa = XCBuildConfiguration;
			buildSettings = {
				ALWAYS_SEARCH_USER_PATHS = NO;
				CLANG_ANALYZER_NONNULL = YES;
				CLANG_CXX_LANGUAGE_STANDARD = "gnu++0x";
				CLANG_CXX_LIBRARY = "libc++";
				CLANG_ENABLE_MODULES = YES;
				CLANG_ENABLE_OBJC_ARC = YES;
				CLANG_WARN_BOOL_CONVERSION = YES;
				CLANG_WARN_CONSTANT_CONVERSION = YES;
				CLANG_WARN_DIRECT_OBJC_ISA_USAGE = YES_ERROR;
				CLANG_WARN_EMPTY_BODY = YES;
				CLANG_WARN_ENUM_CONVERSION = YES;
				CLANG_WARN_INT_CONVERSION = YES;
				CLANG_WARN_OBJC_ROOT_CLASS = YES_ERROR;
				CLANG_WARN_UNREACHABLE_CODE = YES;
				CLANG_WARN__DUPLICATE_METHOD_MATCH = YES;
				CODE_SIGN_IDENTITY = "-";
				COPY_PHASE_STRIP = NO;
				DEBUG_INFORMATION_FORMAT = dwarf;
				ENABLE_STRICT_OBJC_MSGSEND = YES;
				ENABLE_TESTABILITY = YES;
				GCC_C_LANGUAGE_STANDARD = gnu99;
				GCC_DYNAMIC_NO_PIC = NO;
				GCC_NO_COMMON_BLOCKS = YES;
				GCC_OPTIMIZATION_LEVEL = 0;
				GCC_PREPROCESSOR_DEFINITIONS = (
					"DEBUG=1",
					"$(inherited)",
				);
				GCC_WARN_64_TO_32_BIT_CONVERSION = YES;
				GCC_WARN_ABOUT_RETURN_TYPE = YES_ERROR;
				GCC_WARN_UNDECLARED_SELECTOR = YES;
				GCC_WARN_UNINITIALIZED_AUTOS = YES_AGGRESSIVE;
				GCC_WARN_UNUSED_FUNCTION = YES;
				GCC_WARN_UNUSED_VARIABLE = YES;
				MACOSX_DEPLOYMENT_TARGET = 10.11;
				MTL_ENABLE_DEBUG_INFO = YES;
				ONLY_ACTIVE_ARCH = YES;
				SDKROOT = macosx;
			};
			name = Debug;
		};
		A37DAC8A1DB501B10009F63A /* Release */ = {
			isa = XCBuildConfiguration;
			buildSettings = {
				ALWAYS_SEARCH_USER_PATHS = NO;
				CLANG_ANALYZER_NONNULL = YES;
				CLANG_CXX_LANGUAGE_STANDARD = "gnu++0x";
				CLANG_CXX_LIBRARY = "libc++";
				CLANG_ENABLE_MODULES = YES;
				CLANG_ENABLE_OBJC_ARC = YES;
				CLANG_WARN_BOOL_CONVERSION = YES;
				CLANG_WARN_CONSTANT_CONVERSION = YES;
				CLANG_WARN_DIRECT_OBJC_ISA_USAGE = YES_ERROR;
				CLANG_WARN_EMPTY_BODY = YES;
				CLANG_WARN_ENUM_CONVERSION = YES;
				CLANG_WARN_INT_CONVERSION = YES;
				CLANG_WARN_OBJC_ROOT_CLASS = YES_ERROR;
				CLANG_WARN_UNREACHABLE_CODE = YES;
				CLANG_WARN__DUPLICATE_METHOD_MATCH = YES;
				CODE_SIGN_IDENTITY = "-";
				COPY_PHASE_STRIP = NO;
				DEBUG_INFORMATION_FORMAT = "dwarf-with-dsym";
				ENABLE_NS_ASSERTIONS = NO;
				ENABLE_STRICT_OBJC_MSGSEND = YES;
				GCC_C_LANGUAGE_STANDARD = gnu99;
				GCC_NO_COMMON_BLOCKS = YES;
				GCC_WARN_64_TO_32_BIT_CONVERSION = YES;
				GCC_WARN_ABOUT_RETURN_TYPE = YES_ERROR;
				GCC_WARN_UNDECLARED_SELECTOR = YES;
				GCC_WARN_UNINITIALIZED_AUTOS = YES_AGGRESSIVE;
				GCC_WARN_UNUSED_FUNCTION = YES;
				GCC_WARN_UNUSED_VARIABLE = YES;
				MACOSX_DEPLOYMENT_TARGET = 10.11;
				MTL_ENABLE_DEBUG_INFO = NO;
				SDKROOT = macosx;
			};
			name = Release;
		};
		A37DAC8C1DB501B10009F63A /* Debug */ = {
			isa = XCBuildConfiguration;
			buildSettings = {
				MACOSX_DEPLOYMENT_TARGET = 10.11;
				PRODUCT_NAME = "$(TARGET_NAME)";
			};
			name = Debug;
		};
		A37DAC8D1DB501B10009F63A /* Release */ = {
			isa = XCBuildConfiguration;
			buildSettings = {
				MACOSX_DEPLOYMENT_TARGET = 10.11;
				PRODUCT_NAME = "$(TARGET_NAME)";
			};
			name = Release;
		};
/* End XCBuildConfiguration section */

/* Begin XCConfigurationList section */
		A37DAC7F1DB501B10009F63A /* Build configuration list for PBXProject "cvrp_ocl" */ = {
			isa = XCConfigurationList;
			buildConfigurations = (
				A37DAC891DB501B10009F63A /* Debug */,
				A37DAC8A1DB501B10009F63A /* Release */,
			);
			defaultConfigurationIsVisible = 0;
			defaultConfigurationName = Release;
		};
		A37DAC8B1DB501B10009F63A /* Build configuration list for PBXNativeTarget "cvrp_ocl" */ = {
			isa = XCConfigurationList;
			buildConfigurations = (
				A37DAC8C1DB501B10009F63A /* Debug */,
				A37DAC8D1DB501B10009F63A /* Release */,
			);
			defaultConfigurationIsVisible = 0;
			defaultConfigurationName = Release;
		};
/* End XCConfigurationList section */
	};
	rootObject = A37DAC7C1DB501B10009F63A /* Project object */;
}
